
Microsoft Visual Studio Solution File, Format Version 12.00
# Visual Studio Version 17
VisualStudioVersion = 17.5.33516.290
MinimumVisualStudioVersion = 10.0.40219.1
Project("{8BC9CEB8-8B4A-11D0-8D11-00A0C91BC942}") = "2023_03_31", "2023_03_31.vcxproj", "{FCE52058-8573-4740-8E9B-069DFF5FB251}"
EndProject
Global
	GlobalSection(SolutionConfigurationPlatforms) = preSolution
		Debug|x64 = Debug|x64
		Debug|x86 = Debug|x86
		Release|x64 = Release|x64
		Release|x86 = Release|x86
	EndGlobalSection
	GlobalSection(ProjectConfigurationPlatforms) = postSolution
		{FCE52058-8573-4740-8E9B-069DFF5FB251}.Debug|x64.ActiveCfg = Debug|x64
		{FCE52058-8573-4740-8E9B-069DFF5FB251}.Debug|x64.Build.0 = Debug|x64
		{FCE52058-8573-4740-8E9B-069DFF5FB251}.Debug|x86.ActiveCfg = Debug|Win32
		{FCE52058-8573-4740-8E9B-069DFF5FB251}.Debug|x86.Build.0 = Debug|Win32
		{FCE52058-8573-4740-8E9B-069DFF5FB251}.Release|x64.ActiveCfg = Release|x64
		{FCE52058-8573-4740-8E9B-069DFF5FB251}.Release|x64.Build.0 = Release|x64
		{FCE52058-8573-4740-8E9B-069DFF5FB251}.Release|x86.ActiveCfg = Release|Win32
		{FCE52058-8573-4740-8E9B-069DFF5FB251}.Release|x86.Build.0 = Release|Win32
	EndGlobalSection
	GlobalSection(SolutionProperties) = preSolution
		HideSolutionNode = FALSE
	EndGlobalSection
	GlobalSection(ExtensibilityGlobals) = postSolution
		SolutionGuid = {69CEED46-3DFC-4517-AAF5-3A9F9E73DBFA}
	EndGlobalSection
EndGlobal
